
Microsoft Visual Studio Solution File, Format Version 12.00
# Visual Studio Version 16
VisualStudioVersion = 16.0.30413.136
MinimumVisualStudioVersion = 10.0.40219.1
Project("{9A19103F-16F7-4668-BE54-9A1E7A4F7556}") = "LZWCompression", "LZWCompression\LZWCompression.csproj", "{7D682DE5-F741-4E68-87FE-AF9CF4D26DBE}"
EndProject
Project("{FAE04EC0-301F-11D3-BF4B-00C04F79EFBC}") = "compresionLZW", "compresionLZW\compresionLZW.csproj", "{61EC55E4-9F78-462B-87A7-2D024B572EE1}"
EndProject
Project("{FAE04EC0-301F-11D3-BF4B-00C04F79EFBC}") = "testLZW", "testLZW\testLZW.csproj", "{0131884B-403D-4394-82C8-79E9138AE550}"
EndProject
Global
	GlobalSection(SolutionConfigurationPlatforms) = preSolution
		Debug|Any CPU = Debug|Any CPU
		Release|Any CPU = Release|Any CPU
	EndGlobalSection
	GlobalSection(ProjectConfigurationPlatforms) = postSolution
		{7D682DE5-F741-4E68-87FE-AF9CF4D26DBE}.Debug|Any CPU.ActiveCfg = Debug|Any CPU
		{7D682DE5-F741-4E68-87FE-AF9CF4D26DBE}.Debug|Any CPU.Build.0 = Debug|Any CPU
		{7D682DE5-F741-4E68-87FE-AF9CF4D26DBE}.Release|Any CPU.ActiveCfg = Release|Any CPU
		{7D682DE5-F741-4E68-87FE-AF9CF4D26DBE}.Release|Any CPU.Build.0 = Release|Any CPU
		{61EC55E4-9F78-462B-87A7-2D024B572EE1}.Debug|Any CPU.ActiveCfg = Debug|Any CPU
		{61EC55E4-9F78-462B-87A7-2D024B572EE1}.Debug|Any CPU.Build.0 = Debug|Any CPU
		{61EC55E4-9F78-462B-87A7-2D024B572EE1}.Release|Any CPU.ActiveCfg = Release|Any CPU
		{61EC55E4-9F78-462B-87A7-2D024B572EE1}.Release|Any CPU.Build.0 = Release|Any CPU
		{0131884B-403D-4394-82C8-79E9138AE550}.Debug|Any CPU.ActiveCfg = Debug|Any CPU
		{0131884B-403D-4394-82C8-79E9138AE550}.Debug|Any CPU.Build.0 = Debug|Any CPU
		{0131884B-403D-4394-82C8-79E9138AE550}.Release|Any CPU.ActiveCfg = Release|Any CPU
		{0131884B-403D-4394-82C8-79E9138AE550}.Release|Any CPU.Build.0 = Release|Any CPU
	EndGlobalSection
	GlobalSection(SolutionProperties) = preSolution
		HideSolutionNode = FALSE
	EndGlobalSection
	GlobalSection(ExtensibilityGlobals) = postSolution
		SolutionGuid = {F87E04CF-3F5C-43C2-BED3-547B0F65D548}
	EndGlobalSection
EndGlobal
